{
  "version": 4,
  "terraform_version": "1.9.3",
  "serial": 1,
  "lineage": "587d525c-f3be-e8ea-5efd-d8bfc63a1198",
  "outputs": {
    "pass": {
      "value": "supersecret",
      "type": "string",
      "sensitive": true
    }
  },
  "resources": [
    {
      "mode": "managed",
      "type": "local_sensitive_file",
      "name": "foo",
      "provider": "provider[\"registry.terraform.io/hashicorp/local\"]",
      "instances": [
        {
          "schema_version": 0,
          "attributes": {
            "content": "supersecret",
            "content_base64": null,
            "content_base64sha256": "91d490Jb5NsDadCa83psK5qD3qDlPnvVdBLksGDmB/c=",
            "content_base64sha512": "OCIfNVMjaigwC4WcOZpuDNxpG3xiW/IxYsecJBplY1o0j/6yf0eiDLpe56fGesLftoYQDc06vX5GY8+s2bJfgA==",
            "content_md5": "9a618248b64db62d15b300a07b00580b",
            "content_sha1": "a761ce3a45d97e41840a788495e85a70d1bb3815",
            "content_sha256": "f75778f7425be4db0369d09af37a6c2b9a83dea0e53e7bd57412e4b060e607f7",
            "content_sha512": "38221f3553236a28300b859c399a6e0cdc691b7c625bf23162c79c241a65635a348ffeb27f47a20cba5ee7a7c67ac2dfb686100dcd3abd7e4663cfacd9b25f80",
            "directory_permission": "0700",
            "file_permission": "0700",
            "filename": "password.txt",
            "id": "a761ce3a45d97e41840a788495e85a70d1bb3815",
            "source": null
          },
          "sensitive_attributes": [
            [
              {
                "type": "get_attr",
                "value": "content_base64"
              }
            ],
            [
              {
                "type": "get_attr",
                "value": "content"
              }
            ]
          ]
        }
      ]
    }
  ],
  "check_results": null
}
